{
  "nodes": {
    "astal": {
      "inputs": {
        "nixpkgs": [
          "nixpkgs"
        ]
      },
      "locked": {
        "lastModified": 1732892895,
        "narHash": "sha256-9Dq8TF1wbPV7QBaaJwXGc7Mc5uUUJ6ZYfvy3LyUVH/0=",
        "owner": "aylur",
        "repo": "astal",
        "rev": "990f031507b21f8a18c0710016fb76b1f260afe8",
        "type": "github"
      },
      "original": {
        "owner": "aylur",
        "repo": "astal",
        "type": "github"
      }
    },
    "astal-niri": {
      "inputs": {
        "nixpkgs": [
          "nixpkgs"
        ]
      },
      "locked": {
        "lastModified": 1732575615,
        "narHash": "sha256-xx8pp8K7Y5eygGMoBES1YpSmn5Djkb+zhJLld9TceEQ=",
        "owner": "sameoldlab",
        "repo": "astal",
        "rev": "259946ce7a0edaf436da20a6ef7f29e03d12276f",
        "type": "github"
      },
      "original": {
        "owner": "sameoldlab",
        "ref": "feat/niri",
        "repo": "astal",
        "type": "github"
      }
    },
    "nixpkgs": {
      "locked": {
        "lastModified": 1733015953,
        "narHash": "sha256-t4BBVpwG9B4hLgc6GUBuj3cjU7lP/PJfpTHuSqE+crk=",
        "owner": "nixos",
        "repo": "nixpkgs",
        "rev": "ac35b104800bff9028425fec3b6e8a41de2bbfff",
        "type": "github"
      },
      "original": {
        "owner": "nixos",
        "ref": "nixos-unstable",
        "repo": "nixpkgs",
        "type": "github"
      }
    },
    "root": {
      "inputs": {
        "astal": "astal",
        "astal-niri": "astal-niri",
        "nixpkgs": "nixpkgs"
      }
    }
  },
  "root": "root",
  "version": 7
}
